
Microsoft Visual Studio Solution File, Format Version 12.00
# Visual Studio Version 16
VisualStudioVersion = 16.0.29318.209
MinimumVisualStudioVersion = 10.0.40219.1
Project("{FAE04EC0-301F-11D3-BF4B-00C04F79EFBC}") = "Isabella.Web", "Isabella.Web\Isabella.Web.csproj", "{FEA82597-A0DF-4322-B0D6-B0266CA7C5E6}"
EndProject
Project("{FAE04EC0-301F-11D3-BF4B-00C04F79EFBC}") = "Isabella.Common", "Isabella.Common\Isabella.Common.csproj", "{87F9E2BB-638A-4C49-9EC5-64B76B525AB8}"
EndProject
Global
	GlobalSection(SolutionConfigurationPlatforms) = preSolution
		Debug|Any CPU = Debug|Any CPU
		Release|Any CPU = Release|Any CPU
	EndGlobalSection
	GlobalSection(ProjectConfigurationPlatforms) = postSolution
		{FEA82597-A0DF-4322-B0D6-B0266CA7C5E6}.Debug|Any CPU.ActiveCfg = Debug|Any CPU
		{FEA82597-A0DF-4322-B0D6-B0266CA7C5E6}.Debug|Any CPU.Build.0 = Debug|Any CPU
		{FEA82597-A0DF-4322-B0D6-B0266CA7C5E6}.Release|Any CPU.ActiveCfg = Release|Any CPU
		{FEA82597-A0DF-4322-B0D6-B0266CA7C5E6}.Release|Any CPU.Build.0 = Release|Any CPU
		{87F9E2BB-638A-4C49-9EC5-64B76B525AB8}.Debug|Any CPU.ActiveCfg = Debug|Any CPU
		{87F9E2BB-638A-4C49-9EC5-64B76B525AB8}.Debug|Any CPU.Build.0 = Debug|Any CPU
		{87F9E2BB-638A-4C49-9EC5-64B76B525AB8}.Release|Any CPU.ActiveCfg = Release|Any CPU
		{87F9E2BB-638A-4C49-9EC5-64B76B525AB8}.Release|Any CPU.Build.0 = Release|Any CPU
	EndGlobalSection
	GlobalSection(SolutionProperties) = preSolution
		HideSolutionNode = FALSE
	EndGlobalSection
	GlobalSection(ExtensibilityGlobals) = postSolution
		SolutionGuid = {00046E95-6619-4EAF-8CF6-7CD842035B18}
	EndGlobalSection
EndGlobal
