
Microsoft Visual Studio Solution File, Format Version 12.00
# Visual Studio Version 16
VisualStudioVersion = 16.0.29318.209
MinimumVisualStudioVersion = 10.0.40219.1
Project("{9A19103F-16F7-4668-BE54-9A1E7A4F7556}") = "Isabella.Common", "Isabella.Common\Isabella.Common.csproj", "{14A7C0BE-CE69-4F29-8857-BDA8B51CD60D}"
EndProject
Project("{9A19103F-16F7-4668-BE54-9A1E7A4F7556}") = "Isabella.XUnitTest", "Isabella.XUnitTest\Isabella.XUnitTest.csproj", "{3D5A74B6-302B-4206-ABB7-B7A51A50111B}"
EndProject
Project("{2150E333-8FDC-42A3-9474-1A3956D46DE8}") = "src", "src", "{9A81F88F-B4B2-4502-A670-FE0D3F99D7B6}"
EndProject
Project("{2150E333-8FDC-42A3-9474-1A3956D46DE8}") = "test", "test", "{F6CE6BC1-B1A3-42E5-BCC8-434B6D97409B}"
EndProject
Project("{FAE04EC0-301F-11D3-BF4B-00C04F79EFBC}") = "Isabella.API", "Isabella.API\Isabella.API.csproj", "{3F95BA3A-0938-41CA-A243-B1F107953DB0}"
EndProject
Global
	GlobalSection(SolutionConfigurationPlatforms) = preSolution
		Debug|Any CPU = Debug|Any CPU
		Release|Any CPU = Release|Any CPU
	EndGlobalSection
	GlobalSection(ProjectConfigurationPlatforms) = postSolution
		{14A7C0BE-CE69-4F29-8857-BDA8B51CD60D}.Debug|Any CPU.ActiveCfg = Debug|Any CPU
		{14A7C0BE-CE69-4F29-8857-BDA8B51CD60D}.Debug|Any CPU.Build.0 = Debug|Any CPU
		{14A7C0BE-CE69-4F29-8857-BDA8B51CD60D}.Release|Any CPU.ActiveCfg = Release|Any CPU
		{14A7C0BE-CE69-4F29-8857-BDA8B51CD60D}.Release|Any CPU.Build.0 = Release|Any CPU
		{3D5A74B6-302B-4206-ABB7-B7A51A50111B}.Debug|Any CPU.ActiveCfg = Debug|Any CPU
		{3D5A74B6-302B-4206-ABB7-B7A51A50111B}.Debug|Any CPU.Build.0 = Debug|Any CPU
		{3D5A74B6-302B-4206-ABB7-B7A51A50111B}.Release|Any CPU.ActiveCfg = Release|Any CPU
		{3D5A74B6-302B-4206-ABB7-B7A51A50111B}.Release|Any CPU.Build.0 = Release|Any CPU
		{3F95BA3A-0938-41CA-A243-B1F107953DB0}.Debug|Any CPU.ActiveCfg = Debug|Any CPU
		{3F95BA3A-0938-41CA-A243-B1F107953DB0}.Debug|Any CPU.Build.0 = Debug|Any CPU
		{3F95BA3A-0938-41CA-A243-B1F107953DB0}.Release|Any CPU.ActiveCfg = Release|Any CPU
		{3F95BA3A-0938-41CA-A243-B1F107953DB0}.Release|Any CPU.Build.0 = Release|Any CPU
	EndGlobalSection
	GlobalSection(SolutionProperties) = preSolution
		HideSolutionNode = FALSE
	EndGlobalSection
	GlobalSection(NestedProjects) = preSolution
		{14A7C0BE-CE69-4F29-8857-BDA8B51CD60D} = {9A81F88F-B4B2-4502-A670-FE0D3F99D7B6}
		{3D5A74B6-302B-4206-ABB7-B7A51A50111B} = {F6CE6BC1-B1A3-42E5-BCC8-434B6D97409B}
		{3F95BA3A-0938-41CA-A243-B1F107953DB0} = {9A81F88F-B4B2-4502-A670-FE0D3F99D7B6}
	EndGlobalSection
	GlobalSection(ExtensibilityGlobals) = postSolution
		SolutionGuid = {EA1BD837-E18D-4A1A-9A5E-67F9E38138CC}
	EndGlobalSection
EndGlobal
